
Microsoft Visual Studio Solution File, Format Version 12.00
# Visual Studio Version 17
VisualStudioVersion = 17.1.32228.430
MinimumVisualStudioVersion = 10.0.40219.1
Project("{9A19103F-16F7-4668-BE54-9A1E7A4F7556}") = "TodoList", "TodoList\TodoList.csproj", "{51E1635B-9512-4C2E-9DFD-0BEDEC8934C7}"
EndProject
Global
	GlobalSection(SolutionConfigurationPlatforms) = preSolution
		Debug|Any CPU = Debug|Any CPU
		Release|Any CPU = Release|Any CPU
	EndGlobalSection
	GlobalSection(ProjectConfigurationPlatforms) = postSolution
		{51E1635B-9512-4C2E-9DFD-0BEDEC8934C7}.Debug|Any CPU.ActiveCfg = Debug|Any CPU
		{51E1635B-9512-4C2E-9DFD-0BEDEC8934C7}.Debug|Any CPU.Build.0 = Debug|Any CPU
		{51E1635B-9512-4C2E-9DFD-0BEDEC8934C7}.Release|Any CPU.ActiveCfg = Release|Any CPU
		{51E1635B-9512-4C2E-9DFD-0BEDEC8934C7}.Release|Any CPU.Build.0 = Release|Any CPU
	EndGlobalSection
	GlobalSection(SolutionProperties) = preSolution
		HideSolutionNode = FALSE
	EndGlobalSection
	GlobalSection(ExtensibilityGlobals) = postSolution
		SolutionGuid = {22AACF26-3CFB-43A2-9D62-5AF99DB75104}
	EndGlobalSection
EndGlobal
